
Microsoft Visual Studio Solution File, Format Version 12.00
# Visual Studio Version 16
VisualStudioVersion = 16.0.31129.286
MinimumVisualStudioVersion = 10.0.40219.1
Project("{FAE04EC0-301F-11D3-BF4B-00C04F79EFBC}") = "Resharper.QuickActions", "Resharper.QuickActions\Resharper.QuickActions.csproj", "{C472A182-29CD-4733-B556-C8364E5AC780}"
EndProject
Project("{2150E333-8FDC-42A3-9474-1A3956D46DE8}") = "CI", "CI", "{7D9BEE8F-37AD-4E14-861B-B99A3B06BA4F}"
EndProject
Project("{2150E333-8FDC-42A3-9474-1A3956D46DE8}") = "Nuget", "Nuget", "{502F07B6-6BBF-4323-A9A0-EAF08853DBDE}"
	ProjectSection(SolutionItems) = preProject
		CI\nuget\pack.cmd = CI\nuget\pack.cmd
		CI\nuget\publish.cmd = CI\nuget\publish.cmd
		CI\nuget\Resharper.QuickActions.nuspec = CI\nuget\Resharper.QuickActions.nuspec
	EndProjectSection
EndProject
Global
	GlobalSection(SolutionConfigurationPlatforms) = preSolution
		Debug|Any CPU = Debug|Any CPU
		Release|Any CPU = Release|Any CPU
	EndGlobalSection
	GlobalSection(ProjectConfigurationPlatforms) = postSolution
		{C472A182-29CD-4733-B556-C8364E5AC780}.Debug|Any CPU.ActiveCfg = Debug|Any CPU
		{C472A182-29CD-4733-B556-C8364E5AC780}.Debug|Any CPU.Build.0 = Debug|Any CPU
		{C472A182-29CD-4733-B556-C8364E5AC780}.Release|Any CPU.ActiveCfg = Release|Any CPU
		{C472A182-29CD-4733-B556-C8364E5AC780}.Release|Any CPU.Build.0 = Release|Any CPU
	EndGlobalSection
	GlobalSection(SolutionProperties) = preSolution
		HideSolutionNode = FALSE
	EndGlobalSection
	GlobalSection(NestedProjects) = preSolution
		{502F07B6-6BBF-4323-A9A0-EAF08853DBDE} = {7D9BEE8F-37AD-4E14-861B-B99A3B06BA4F}
	EndGlobalSection
	GlobalSection(ExtensibilityGlobals) = postSolution
		SolutionGuid = {3F3538DF-5EC3-478D-B357-AEF3050F312A}
	EndGlobalSection
EndGlobal
